
Microsoft Visual Studio Solution File, Format Version 12.00
# Visual Studio 15
VisualStudioVersion = 15.0.27703.2000
MinimumVisualStudioVersion = 10.0.40219.1
Project("{FAE04EC0-301F-11D3-BF4B-00C04F79EFBC}") = "EjerciciosLibroCSharp", "EjerciciosLibroCSharp\EjerciciosLibroCSharp.csproj", "{A066FB98-7AA6-4B6A-8750-79393BB9FF1A}"
EndProject
Global
	GlobalSection(SolutionConfigurationPlatforms) = preSolution
		Debug|Any CPU = Debug|Any CPU
		Release|Any CPU = Release|Any CPU
	EndGlobalSection
	GlobalSection(ProjectConfigurationPlatforms) = postSolution
		{A066FB98-7AA6-4B6A-8750-79393BB9FF1A}.Debug|Any CPU.ActiveCfg = Debug|Any CPU
		{A066FB98-7AA6-4B6A-8750-79393BB9FF1A}.Debug|Any CPU.Build.0 = Debug|Any CPU
		{A066FB98-7AA6-4B6A-8750-79393BB9FF1A}.Release|Any CPU.ActiveCfg = Release|Any CPU
		{A066FB98-7AA6-4B6A-8750-79393BB9FF1A}.Release|Any CPU.Build.0 = Release|Any CPU
	EndGlobalSection
	GlobalSection(SolutionProperties) = preSolution
		HideSolutionNode = FALSE
	EndGlobalSection
	GlobalSection(ExtensibilityGlobals) = postSolution
		SolutionGuid = {62D83F92-2EAD-4A6A-96E3-DA05D7DC1348}
	EndGlobalSection
EndGlobal
